// !$*UTF8*$!
{
	archiveVersion = 1;
	classes = {
	};
	objectVersion = 56;
	objects = {

/* Begin PBXBuildFile section */
		034BC0772BFCFE0600CC971D /* Assets.xcassets in Resources */ = {isa = PBXBuildFile; fileRef = 034BC0762BFCFE0600CC971D /* Assets.xcassets */; };
		034BC07A2BFCFE0600CC971D /* Preview Assets.xcassets in Resources */ = {isa = PBXBuildFile; fileRef = 034BC0792BFCFE0600CC971D /* Preview Assets.xcassets */; };
		034BC0822BFD0F0000CC971D /* LaunchScreen.storyboard in Resources */ = {isa = PBXBuildFile; fileRef = 034BC0812BFD0F0000CC971D /* LaunchScreen.storyboard */; };
		034BC0842BFD0F0900CC971D /* AppDelegate.swift in Sources */ = {isa = PBXBuildFile; fileRef = 034BC0832BFD0F0900CC971D /* AppDelegate.swift */; };
		034BC0862BFD0F1000CC971D /* SceneDelegate.swift in Sources */ = {isa = PBXBuildFile; fileRef = 034BC0852BFD0F1000CC971D /* SceneDelegate.swift */; };
		034BC0892BFD0F6B00CC971D /* Coordinator.swift in Sources */ = {isa = PBXBuildFile; fileRef = 034BC0882BFD0F6B00CC971D /* Coordinator.swift */; };
		034BC08B2BFD0F7B00CC971D /* Coordinator+Extension.swift in Sources */ = {isa = PBXBuildFile; fileRef = 034BC08A2BFD0F7B00CC971D /* Coordinator+Extension.swift */; };
		034BC0912BFD0FE500CC971D /* MainCoordinator.swift in Sources */ = {isa = PBXBuildFile; fileRef = 034BC0902BFD0FE500CC971D /* MainCoordinator.swift */; };
		034BC0942BFD103600CC971D /* Dependencies.swift in Sources */ = {isa = PBXBuildFile; fileRef = 034BC0932BFD103600CC971D /* Dependencies.swift */; };
		034BC0972BFD105E00CC971D /* View+UIHostingController.swift in Sources */ = {isa = PBXBuildFile; fileRef = 034BC0962BFD105E00CC971D /* View+UIHostingController.swift */; };
		0372AE702BFF7CDF00021F0A /* MovieRowView.swift in Sources */ = {isa = PBXBuildFile; fileRef = 0372AE6F2BFF7CDF00021F0A /* MovieRowView.swift */; };
		0372AE722BFF7D8F00021F0A /* View+RoundedRectangleBackground.swift in Sources */ = {isa = PBXBuildFile; fileRef = 0372AE712BFF7D8F00021F0A /* View+RoundedRectangleBackground.swift */; };
		0372AE752BFF7E9F00021F0A /* LoadingView.swift in Sources */ = {isa = PBXBuildFile; fileRef = 0372AE742BFF7E9F00021F0A /* LoadingView.swift */; };
		0378D5E62BFF895400D61266 /* Data in Frameworks */ = {isa = PBXBuildFile; productRef = 0378D5E52BFF895400D61266 /* Data */; };
		0378D5E82BFF895400D61266 /* Domain in Frameworks */ = {isa = PBXBuildFile; productRef = 0378D5E72BFF895400D61266 /* Domain */; };
		0378D5EA2BFF895400D61266 /* Networking in Frameworks */ = {isa = PBXBuildFile; productRef = 0378D5E92BFF895400D61266 /* Networking */; };
		0378D5EE2BFF950C00D61266 /* MovieDetailsScreen.swift in Sources */ = {isa = PBXBuildFile; fileRef = 0378D5ED2BFF950C00D61266 /* MovieDetailsScreen.swift */; };
		0378D5F02BFF951800D61266 /* MovieDetailsViewModel.swift in Sources */ = {isa = PBXBuildFile; fileRef = 0378D5EF2BFF951800D61266 /* MovieDetailsViewModel.swift */; };
		0378D5F32C02190800D61266 /* MovieOffline.swift in Sources */ = {isa = PBXBuildFile; fileRef = 0378D5F22C02190800D61266 /* MovieOffline.swift */; };
		0378D5F52C02193300D61266 /* CompaniesOffline.swift in Sources */ = {isa = PBXBuildFile; fileRef = 0378D5F42C02193300D61266 /* CompaniesOffline.swift */; };
		0378D5F72C02195500D61266 /* GenreOffline.swift in Sources */ = {isa = PBXBuildFile; fileRef = 0378D5F62C02195500D61266 /* GenreOffline.swift */; };
		0378D5F92C021BDA00D61266 /* ModelContainerProvider.swift in Sources */ = {isa = PBXBuildFile; fileRef = 0378D5F82C021BDA00D61266 /* ModelContainerProvider.swift */; };
		0378D5FD2C02496300D61266 /* FavoriteMovie.swift in Sources */ = {isa = PBXBuildFile; fileRef = 0378D5FC2C02496300D61266 /* FavoriteMovie.swift */; };
		0378D6002C0272E000D61266 /* FavoriteMoviesViewModel.swift in Sources */ = {isa = PBXBuildFile; fileRef = 0378D5FF2C0272E000D61266 /* FavoriteMoviesViewModel.swift */; };
		0378D6022C0273A500D61266 /* FavoriteMoviesScreen.swift in Sources */ = {isa = PBXBuildFile; fileRef = 0378D6012C0273A500D61266 /* FavoriteMoviesScreen.swift */; };
		0378D6042C027F1700D61266 /* DetailsMovieOffline.swift in Sources */ = {isa = PBXBuildFile; fileRef = 0378D6032C027F1700D61266 /* DetailsMovieOffline.swift */; };
		0378D6092C0345FE00D61266 /* CachedAsyncImage in Frameworks */ = {isa = PBXBuildFile; productRef = 0378D6082C0345FE00D61266 /* CachedAsyncImage */; };
		0378D60C2C0355CE00D61266 /* InternetConnectionStatus.swift in Sources */ = {isa = PBXBuildFile; fileRef = 0378D60B2C0355CE00D61266 /* InternetConnectionStatus.swift */; };
		0379693F2BFD21330022FC13 /* MoviesListScreen.swift in Sources */ = {isa = PBXBuildFile; fileRef = 0379693E2BFD21330022FC13 /* MoviesListScreen.swift */; };
		037969422BFD22BC0022FC13 /* Colors.swift in Sources */ = {isa = PBXBuildFile; fileRef = 037969412BFD22BC0022FC13 /* Colors.swift */; };
		037969442BFD28890022FC13 /* MoviesListViewModel.swift in Sources */ = {isa = PBXBuildFile; fileRef = 037969432BFD28890022FC13 /* MoviesListViewModel.swift */; };
/* End PBXBuildFile section */

/* Begin PBXFileReference section */
		034BC06D2BFCFE0500CC971D /* MovieApp.app */ = {isa = PBXFileReference; explicitFileType = wrapper.application; includeInIndex = 0; path = MovieApp.app; sourceTree = BUILT_PRODUCTS_DIR; };
		034BC0762BFCFE0600CC971D /* Assets.xcassets */ = {isa = PBXFileReference; lastKnownFileType = folder.assetcatalog; path = Assets.xcassets; sourceTree = "<group>"; };
		034BC0792BFCFE0600CC971D /* Preview Assets.xcassets */ = {isa = PBXFileReference; lastKnownFileType = folder.assetcatalog; path = "Preview Assets.xcassets"; sourceTree = "<group>"; };
		034BC0812BFD0F0000CC971D /* LaunchScreen.storyboard */ = {isa = PBXFileReference; lastKnownFileType = file.storyboard; path = LaunchScreen.storyboard; sourceTree = "<group>"; };
		034BC0832BFD0F0900CC971D /* AppDelegate.swift */ = {isa = PBXFileReference; lastKnownFileType = sourcecode.swift; path = AppDelegate.swift; sourceTree = "<group>"; };
		034BC0852BFD0F1000CC971D /* SceneDelegate.swift */ = {isa = PBXFileReference; lastKnownFileType = sourcecode.swift; path = SceneDelegate.swift; sourceTree = "<group>"; };
		034BC0882BFD0F6B00CC971D /* Coordinator.swift */ = {isa = PBXFileReference; lastKnownFileType = sourcecode.swift; path = Coordinator.swift; sourceTree = "<group>"; };
		034BC08A2BFD0F7B00CC971D /* Coordinator+Extension.swift */ = {isa = PBXFileReference; lastKnownFileType = sourcecode.swift; path = "Coordinator+Extension.swift"; sourceTree = "<group>"; };
		034BC0902BFD0FE500CC971D /* MainCoordinator.swift */ = {isa = PBXFileReference; lastKnownFileType = sourcecode.swift; path = MainCoordinator.swift; sourceTree = "<group>"; };
		034BC0932BFD103600CC971D /* Dependencies.swift */ = {isa = PBXFileReference; lastKnownFileType = sourcecode.swift; path = Dependencies.swift; sourceTree = "<group>"; };
		034BC0962BFD105E00CC971D /* View+UIHostingController.swift */ = {isa = PBXFileReference; lastKnownFileType = sourcecode.swift; path = "View+UIHostingController.swift"; sourceTree = "<group>"; };
		034BC0982BFD10A300CC971D /* Info.plist */ = {isa = PBXFileReference; lastKnownFileType = text.plist; path = Info.plist; sourceTree = "<group>"; };
		0372AE6F2BFF7CDF00021F0A /* MovieRowView.swift */ = {isa = PBXFileReference; lastKnownFileType = sourcecode.swift; path = MovieRowView.swift; sourceTree = "<group>"; };
		0372AE712BFF7D8F00021F0A /* View+RoundedRectangleBackground.swift */ = {isa = PBXFileReference; lastKnownFileType = sourcecode.swift; path = "View+RoundedRectangleBackground.swift"; sourceTree = "<group>"; };
		0372AE742BFF7E9F00021F0A /* LoadingView.swift */ = {isa = PBXFileReference; lastKnownFileType = sourcecode.swift; path = LoadingView.swift; sourceTree = "<group>"; };
		0378D5ED2BFF950C00D61266 /* MovieDetailsScreen.swift */ = {isa = PBXFileReference; lastKnownFileType = sourcecode.swift; path = MovieDetailsScreen.swift; sourceTree = "<group>"; };
		0378D5EF2BFF951800D61266 /* MovieDetailsViewModel.swift */ = {isa = PBXFileReference; lastKnownFileType = sourcecode.swift; path = MovieDetailsViewModel.swift; sourceTree = "<group>"; };
		0378D5F22C02190800D61266 /* MovieOffline.swift */ = {isa = PBXFileReference; lastKnownFileType = sourcecode.swift; path = MovieOffline.swift; sourceTree = "<group>"; };
		0378D5F42C02193300D61266 /* CompaniesOffline.swift */ = {isa = PBXFileReference; lastKnownFileType = sourcecode.swift; path = CompaniesOffline.swift; sourceTree = "<group>"; };
		0378D5F62C02195500D61266 /* GenreOffline.swift */ = {isa = PBXFileReference; lastKnownFileType = sourcecode.swift; path = GenreOffline.swift; sourceTree = "<group>"; };
		0378D5F82C021BDA00D61266 /* ModelContainerProvider.swift */ = {isa = PBXFileReference; lastKnownFileType = sourcecode.swift; path = ModelContainerProvider.swift; sourceTree = "<group>"; };
		0378D5FC2C02496300D61266 /* FavoriteMovie.swift */ = {isa = PBXFileReference; lastKnownFileType = sourcecode.swift; path = FavoriteMovie.swift; sourceTree = "<group>"; };
		0378D5FF2C0272E000D61266 /* FavoriteMoviesViewModel.swift */ = {isa = PBXFileReference; lastKnownFileType = sourcecode.swift; path = FavoriteMoviesViewModel.swift; sourceTree = "<group>"; };
		0378D6012C0273A500D61266 /* FavoriteMoviesScreen.swift */ = {isa = PBXFileReference; lastKnownFileType = sourcecode.swift; path = FavoriteMoviesScreen.swift; sourceTree = "<group>"; };
		0378D6032C027F1700D61266 /* DetailsMovieOffline.swift */ = {isa = PBXFileReference; lastKnownFileType = sourcecode.swift; path = DetailsMovieOffline.swift; sourceTree = "<group>"; };
		0378D60B2C0355CE00D61266 /* InternetConnectionStatus.swift */ = {isa = PBXFileReference; lastKnownFileType = sourcecode.swift; path = InternetConnectionStatus.swift; sourceTree = "<group>"; };
		037969392BFD19760022FC13 /* Domain */ = {isa = PBXFileReference; lastKnownFileType = wrapper; path = Domain; sourceTree = "<group>"; };
		0379693A2BFD19D40022FC13 /* Data */ = {isa = PBXFileReference; lastKnownFileType = wrapper; path = Data; sourceTree = "<group>"; };
		0379693B2BFD1A070022FC13 /* Networking */ = {isa = PBXFileReference; lastKnownFileType = wrapper; path = Networking; sourceTree = "<group>"; };
		0379693E2BFD21330022FC13 /* MoviesListScreen.swift */ = {isa = PBXFileReference; lastKnownFileType = sourcecode.swift; path = MoviesListScreen.swift; sourceTree = "<group>"; };
		037969412BFD22BC0022FC13 /* Colors.swift */ = {isa = PBXFileReference; lastKnownFileType = sourcecode.swift; path = Colors.swift; sourceTree = "<group>"; };
		037969432BFD28890022FC13 /* MoviesListViewModel.swift */ = {isa = PBXFileReference; lastKnownFileType = sourcecode.swift; path = MoviesListViewModel.swift; sourceTree = "<group>"; };
/* End PBXFileReference section */

/* Begin PBXFrameworksBuildPhase section */
		034BC06A2BFCFE0500CC971D /* Frameworks */ = {
			isa = PBXFrameworksBuildPhase;
			buildActionMask = 2147483647;
			files = (
				0378D5EA2BFF895400D61266 /* Networking in Frameworks */,
				0378D6092C0345FE00D61266 /* CachedAsyncImage in Frameworks */,
				0378D5E82BFF895400D61266 /* Domain in Frameworks */,
				0378D5E62BFF895400D61266 /* Data in Frameworks */,
			);
			runOnlyForDeploymentPostprocessing = 0;
		};
/* End PBXFrameworksBuildPhase section */

/* Begin PBXGroup section */
		034BC0642BFCFE0500CC971D = {
			isa = PBXGroup;
			children = (
				0379693B2BFD1A070022FC13 /* Networking */,
				0379693A2BFD19D40022FC13 /* Data */,
				037969392BFD19760022FC13 /* Domain */,
				034BC06F2BFCFE0500CC971D /* MovieApp */,
				0378D6142C035B9000D61266 /* MovieAppTests */,
				034BC06E2BFCFE0500CC971D /* Products */,
				037969452BFD28B60022FC13 /* Frameworks */,
			);
			sourceTree = "<group>";
		};
		034BC06E2BFCFE0500CC971D /* Products */ = {
			isa = PBXGroup;
			children = (
				034BC06D2BFCFE0500CC971D /* MovieApp.app */,
			);
			name = Products;
			sourceTree = "<group>";
		};
		034BC06F2BFCFE0500CC971D /* MovieApp */ = {
			isa = PBXGroup;
			children = (
				0378D6152C035C1400D61266 /* ModelContentProvider */,
				0378D60A2C0355C700D61266 /* Enums */,
				0378D5F12C02185900D61266 /* SwiftDataModels */,
				037969402BFD22B50022FC13 /* Colors */,
				034BC0982BFD10A300CC971D /* Info.plist */,
				034BC0952BFD105000CC971D /* Extensions */,
				034BC0922BFD102D00CC971D /* Dependencies */,
				034BC08C2BFD0FB000CC971D /* Screens */,
				0372AE732BFF7E9000021F0A /* Views */,
				034BC0872BFD0F5B00CC971D /* Coordinators */,
				034BC0802BFD0EF300CC971D /* Launch */,
				034BC0762BFCFE0600CC971D /* Assets.xcassets */,
				034BC0782BFCFE0600CC971D /* Preview Content */,
			);
			path = MovieApp;
			sourceTree = "<group>";
		};
		034BC0782BFCFE0600CC971D /* Preview Content */ = {
			isa = PBXGroup;
			children = (
				034BC0792BFCFE0600CC971D /* Preview Assets.xcassets */,
			);
			path = "Preview Content";
			sourceTree = "<group>";
		};
		034BC0802BFD0EF300CC971D /* Launch */ = {
			isa = PBXGroup;
			children = (
				034BC0812BFD0F0000CC971D /* LaunchScreen.storyboard */,
				034BC0832BFD0F0900CC971D /* AppDelegate.swift */,
				034BC0852BFD0F1000CC971D /* SceneDelegate.swift */,
			);
			path = Launch;
			sourceTree = "<group>";
		};
		034BC0872BFD0F5B00CC971D /* Coordinators */ = {
			isa = PBXGroup;
			children = (
				034BC0882BFD0F6B00CC971D /* Coordinator.swift */,
				034BC08A2BFD0F7B00CC971D /* Coordinator+Extension.swift */,
				034BC0902BFD0FE500CC971D /* MainCoordinator.swift */,
			);
			path = Coordinators;
			sourceTree = "<group>";
		};
		034BC08C2BFD0FB000CC971D /* Screens */ = {
			isa = PBXGroup;
			children = (
				0378D5FE2C0272D300D61266 /* FavoriteMovies */,
				0372AE6E2BFF7CD100021F0A /* MovieRow */,
				0379693D2BFD210B0022FC13 /* MoviesList */,
				0379693C2BFD20FF0022FC13 /* MovieDetails */,
			);
			path = Screens;
			sourceTree = "<group>";
		};
		034BC0922BFD102D00CC971D /* Dependencies */ = {
			isa = PBXGroup;
			children = (
				034BC0932BFD103600CC971D /* Dependencies.swift */,
			);
			path = Dependencies;
			sourceTree = "<group>";
		};
		034BC0952BFD105000CC971D /* Extensions */ = {
			isa = PBXGroup;
			children = (
				034BC0962BFD105E00CC971D /* View+UIHostingController.swift */,
				0372AE712BFF7D8F00021F0A /* View+RoundedRectangleBackground.swift */,
			);
			path = Extensions;
			sourceTree = "<group>";
		};
		0372AE6E2BFF7CD100021F0A /* MovieRow */ = {
			isa = PBXGroup;
			children = (
				0372AE6F2BFF7CDF00021F0A /* MovieRowView.swift */,
			);
			path = MovieRow;
			sourceTree = "<group>";
		};
		0372AE732BFF7E9000021F0A /* Views */ = {
			isa = PBXGroup;
			children = (
				0372AE742BFF7E9F00021F0A /* LoadingView.swift */,
			);
			path = Views;
			sourceTree = "<group>";
		};
		0378D5F12C02185900D61266 /* SwiftDataModels */ = {
			isa = PBXGroup;
			children = (
				0378D5F22C02190800D61266 /* MovieOffline.swift */,
				0378D5F42C02193300D61266 /* CompaniesOffline.swift */,
				0378D5F62C02195500D61266 /* GenreOffline.swift */,
				0378D5FC2C02496300D61266 /* FavoriteMovie.swift */,
				0378D6032C027F1700D61266 /* DetailsMovieOffline.swift */,
			);
			path = SwiftDataModels;
			sourceTree = "<group>";
		};
		0378D5FE2C0272D300D61266 /* FavoriteMovies */ = {
			isa = PBXGroup;
			children = (
				0378D5FF2C0272E000D61266 /* FavoriteMoviesViewModel.swift */,
				0378D6012C0273A500D61266 /* FavoriteMoviesScreen.swift */,
			);
			path = FavoriteMovies;
			sourceTree = "<group>";
		};
		0378D60A2C0355C700D61266 /* Enums */ = {
			isa = PBXGroup;
			children = (
				0378D60B2C0355CE00D61266 /* InternetConnectionStatus.swift */,
			);
			path = Enums;
			sourceTree = "<group>";
		};
		0378D6142C035B9000D61266 /* MovieAppTests */ = {
			isa = PBXGroup;
			children = (
			);
			path = MovieAppTests;
			sourceTree = "<group>";
		};
		0378D6152C035C1400D61266 /* ModelContentProvider */ = {
			isa = PBXGroup;
			children = (
				0378D5F82C021BDA00D61266 /* ModelContainerProvider.swift */,
			);
			path = ModelContentProvider;
			sourceTree = "<group>";
		};
		0379693C2BFD20FF0022FC13 /* MovieDetails */ = {
			isa = PBXGroup;
			children = (
				0378D5ED2BFF950C00D61266 /* MovieDetailsScreen.swift */,
				0378D5EF2BFF951800D61266 /* MovieDetailsViewModel.swift */,
			);
			path = MovieDetails;
			sourceTree = "<group>";
		};
		0379693D2BFD210B0022FC13 /* MoviesList */ = {
			isa = PBXGroup;
			children = (
				0379693E2BFD21330022FC13 /* MoviesListScreen.swift */,
				037969432BFD28890022FC13 /* MoviesListViewModel.swift */,
			);
			path = MoviesList;
			sourceTree = "<group>";
		};
		037969402BFD22B50022FC13 /* Colors */ = {
			isa = PBXGroup;
			children = (
				037969412BFD22BC0022FC13 /* Colors.swift */,
			);
			path = Colors;
			sourceTree = "<group>";
		};
		037969452BFD28B60022FC13 /* Frameworks */ = {
			isa = PBXGroup;
			children = (
			);
			name = Frameworks;
			sourceTree = "<group>";
		};
/* End PBXGroup section */

/* Begin PBXNativeTarget section */
		034BC06C2BFCFE0500CC971D /* MovieApp */ = {
			isa = PBXNativeTarget;
			buildConfigurationList = 034BC07D2BFCFE0600CC971D /* Build configuration list for PBXNativeTarget "MovieApp" */;
			buildPhases = (
				034BC0692BFCFE0500CC971D /* Sources */,
				034BC06A2BFCFE0500CC971D /* Frameworks */,
				034BC06B2BFCFE0500CC971D /* Resources */,
			);
			buildRules = (
			);
			dependencies = (
			);
			name = MovieApp;
			packageProductDependencies = (
				0378D5E52BFF895400D61266 /* Data */,
				0378D5E72BFF895400D61266 /* Domain */,
				0378D5E92BFF895400D61266 /* Networking */,
				0378D6082C0345FE00D61266 /* CachedAsyncImage */,
			);
			productName = MovieApp;
			productReference = 034BC06D2BFCFE0500CC971D /* MovieApp.app */;
			productType = "com.apple.product-type.application";
		};
/* End PBXNativeTarget section */

/* Begin PBXProject section */
		034BC0652BFCFE0500CC971D /* Project object */ = {
			isa = PBXProject;
			attributes = {
				BuildIndependentTargetsInParallel = 1;
				LastSwiftUpdateCheck = 1500;
				LastUpgradeCheck = 1500;
				TargetAttributes = {
					034BC06C2BFCFE0500CC971D = {
						CreatedOnToolsVersion = 15.0.1;
					};
				};
			};
			buildConfigurationList = 034BC0682BFCFE0500CC971D /* Build configuration list for PBXProject "MovieApp" */;
			compatibilityVersion = "Xcode 14.0";
			developmentRegion = en;
			hasScannedForEncodings = 0;
			knownRegions = (
				en,
				Base,
			);
			mainGroup = 034BC0642BFCFE0500CC971D;
			packageReferences = (
				0378D6072C0345FE00D61266 /* XCRemoteSwiftPackageReference "swiftui-cached-async-image" */,
			);
			productRefGroup = 034BC06E2BFCFE0500CC971D /* Products */;
			projectDirPath = "";
			projectRoot = "";
			targets = (
				034BC06C2BFCFE0500CC971D /* MovieApp */,
			);
		};
/* End PBXProject section */

/* Begin PBXResourcesBuildPhase section */
		034BC06B2BFCFE0500CC971D /* Resources */ = {
			isa = PBXResourcesBuildPhase;
			buildActionMask = 2147483647;
			files = (
				034BC0822BFD0F0000CC971D /* LaunchScreen.storyboard in Resources */,
				034BC07A2BFCFE0600CC971D /* Preview Assets.xcassets in Resources */,
				034BC0772BFCFE0600CC971D /* Assets.xcassets in Resources */,
			);
			runOnlyForDeploymentPostprocessing = 0;
		};
/* End PBXResourcesBuildPhase section */

/* Begin PBXSourcesBuildPhase section */
		034BC0692BFCFE0500CC971D /* Sources */ = {
			isa = PBXSourcesBuildPhase;
			buildActionMask = 2147483647;
			files = (
				0378D5F32C02190800D61266 /* MovieOffline.swift in Sources */,
				0379693F2BFD21330022FC13 /* MoviesListScreen.swift in Sources */,
				0378D60C2C0355CE00D61266 /* InternetConnectionStatus.swift in Sources */,
				0378D5FD2C02496300D61266 /* FavoriteMovie.swift in Sources */,
				037969422BFD22BC0022FC13 /* Colors.swift in Sources */,
				0378D6002C0272E000D61266 /* FavoriteMoviesViewModel.swift in Sources */,
				034BC0862BFD0F1000CC971D /* SceneDelegate.swift in Sources */,
				0378D6022C0273A500D61266 /* FavoriteMoviesScreen.swift in Sources */,
				034BC0972BFD105E00CC971D /* View+UIHostingController.swift in Sources */,
				0372AE722BFF7D8F00021F0A /* View+RoundedRectangleBackground.swift in Sources */,
				0378D5F52C02193300D61266 /* CompaniesOffline.swift in Sources */,
				0378D5F02BFF951800D61266 /* MovieDetailsViewModel.swift in Sources */,
				034BC08B2BFD0F7B00CC971D /* Coordinator+Extension.swift in Sources */,
				0378D5F92C021BDA00D61266 /* ModelContainerProvider.swift in Sources */,
				037969442BFD28890022FC13 /* MoviesListViewModel.swift in Sources */,
				034BC0842BFD0F0900CC971D /* AppDelegate.swift in Sources */,
				0378D5F72C02195500D61266 /* GenreOffline.swift in Sources */,
				0372AE702BFF7CDF00021F0A /* MovieRowView.swift in Sources */,
				0378D6042C027F1700D61266 /* DetailsMovieOffline.swift in Sources */,
				034BC0892BFD0F6B00CC971D /* Coordinator.swift in Sources */,
				034BC0912BFD0FE500CC971D /* MainCoordinator.swift in Sources */,
				0378D5EE2BFF950C00D61266 /* MovieDetailsScreen.swift in Sources */,
				0372AE752BFF7E9F00021F0A /* LoadingView.swift in Sources */,
				034BC0942BFD103600CC971D /* Dependencies.swift in Sources */,
			);
			runOnlyForDeploymentPostprocessing = 0;
		};
/* End PBXSourcesBuildPhase section */

/* Begin XCBuildConfiguration section */
		034BC07B2BFCFE0600CC971D /* Debug */ = {
			isa = XCBuildConfiguration;
			buildSettings = {
				ALWAYS_SEARCH_USER_PATHS = NO;
				ASSETCATALOG_COMPILER_GENERATE_SWIFT_ASSET_SYMBOL_EXTENSIONS = YES;
				CLANG_ANALYZER_NONNULL = YES;
				CLANG_ANALYZER_NUMBER_OBJECT_CONVERSION = YES_AGGRESSIVE;
				CLANG_CXX_LANGUAGE_STANDARD = "gnu++20";
				CLANG_ENABLE_MODULES = YES;
				CLANG_ENABLE_OBJC_ARC = YES;
				CLANG_ENABLE_OBJC_WEAK = YES;
				CLANG_WARN_BLOCK_CAPTURE_AUTORELEASING = YES;
				CLANG_WARN_BOOL_CONVERSION = YES;
				CLANG_WARN_COMMA = YES;
				CLANG_WARN_CONSTANT_CONVERSION = YES;
				CLANG_WARN_DEPRECATED_OBJC_IMPLEMENTATIONS = YES;
				CLANG_WARN_DIRECT_OBJC_ISA_USAGE = YES_ERROR;
				CLANG_WARN_DOCUMENTATION_COMMENTS = YES;
				CLANG_WARN_EMPTY_BODY = YES;
				CLANG_WARN_ENUM_CONVERSION = YES;
				CLANG_WARN_INFINITE_RECURSION = YES;
				CLANG_WARN_INT_CONVERSION = YES;
				CLANG_WARN_NON_LITERAL_NULL_CONVERSION = YES;
				CLANG_WARN_OBJC_IMPLICIT_RETAIN_SELF = YES;
				CLANG_WARN_OBJC_LITERAL_CONVERSION = YES;
				CLANG_WARN_OBJC_ROOT_CLASS = YES_ERROR;
				CLANG_WARN_QUOTED_INCLUDE_IN_FRAMEWORK_HEADER = YES;
				CLANG_WARN_RANGE_LOOP_ANALYSIS = YES;
				CLANG_WARN_STRICT_PROTOTYPES = YES;
				CLANG_WARN_SUSPICIOUS_MOVE = YES;
				CLANG_WARN_UNGUARDED_AVAILABILITY = YES_AGGRESSIVE;
				CLANG_WARN_UNREACHABLE_CODE = YES;
				CLANG_WARN__DUPLICATE_METHOD_MATCH = YES;
				COPY_PHASE_STRIP = NO;
				DEBUG_INFORMATION_FORMAT = dwarf;
				ENABLE_STRICT_OBJC_MSGSEND = YES;
				ENABLE_TESTABILITY = YES;
				ENABLE_USER_SCRIPT_SANDBOXING = YES;
				GCC_C_LANGUAGE_STANDARD = gnu17;
				GCC_DYNAMIC_NO_PIC = NO;
				GCC_NO_COMMON_BLOCKS = YES;
				GCC_OPTIMIZATION_LEVEL = 0;
				GCC_PREPROCESSOR_DEFINITIONS = (
					"DEBUG=1",
					"$(inherited)",
				);
				GCC_WARN_64_TO_32_BIT_CONVERSION = YES;
				GCC_WARN_ABOUT_RETURN_TYPE = YES_ERROR;
				GCC_WARN_UNDECLARED_SELECTOR = YES;
				GCC_WARN_UNINITIALIZED_AUTOS = YES_AGGRESSIVE;
				GCC_WARN_UNUSED_FUNCTION = YES;
				GCC_WARN_UNUSED_VARIABLE = YES;
				IPHONEOS_DEPLOYMENT_TARGET = 17.0;
				LOCALIZATION_PREFERS_STRING_CATALOGS = YES;
				MTL_ENABLE_DEBUG_INFO = INCLUDE_SOURCE;
				MTL_FAST_MATH = YES;
				ONLY_ACTIVE_ARCH = YES;
				SDKROOT = iphoneos;
				SWIFT_ACTIVE_COMPILATION_CONDITIONS = "DEBUG $(inherited)";
				SWIFT_OPTIMIZATION_LEVEL = "-Onone";
			};
			name = Debug;
		};
		034BC07C2BFCFE0600CC971D /* Release */ = {
			isa = XCBuildConfiguration;
			buildSettings = {
				ALWAYS_SEARCH_USER_PATHS = NO;
				ASSETCATALOG_COMPILER_GENERATE_SWIFT_ASSET_SYMBOL_EXTENSIONS = YES;
				CLANG_ANALYZER_NONNULL = YES;
				CLANG_ANALYZER_NUMBER_OBJECT_CONVERSION = YES_AGGRESSIVE;
				CLANG_CXX_LANGUAGE_STANDARD = "gnu++20";
				CLANG_ENABLE_MODULES = YES;
				CLANG_ENABLE_OBJC_ARC = YES;
				CLANG_ENABLE_OBJC_WEAK = YES;
				CLANG_WARN_BLOCK_CAPTURE_AUTORELEASING = YES;
				CLANG_WARN_BOOL_CONVERSION = YES;
				CLANG_WARN_COMMA = YES;
				CLANG_WARN_CONSTANT_CONVERSION = YES;
				CLANG_WARN_DEPRECATED_OBJC_IMPLEMENTATIONS = YES;
				CLANG_WARN_DIRECT_OBJC_ISA_USAGE = YES_ERROR;
				CLANG_WARN_DOCUMENTATION_COMMENTS = YES;
				CLANG_WARN_EMPTY_BODY = YES;
				CLANG_WARN_ENUM_CONVERSION = YES;
				CLANG_WARN_INFINITE_RECURSION = YES;
				CLANG_WARN_INT_CONVERSION = YES;
				CLANG_WARN_NON_LITERAL_NULL_CONVERSION = YES;
				CLANG_WARN_OBJC_IMPLICIT_RETAIN_SELF = YES;
				CLANG_WARN_OBJC_LITERAL_CONVERSION = YES;
				CLANG_WARN_OBJC_ROOT_CLASS = YES_ERROR;
				CLANG_WARN_QUOTED_INCLUDE_IN_FRAMEWORK_HEADER = YES;
				CLANG_WARN_RANGE_LOOP_ANALYSIS = YES;
				CLANG_WARN_STRICT_PROTOTYPES = YES;
				CLANG_WARN_SUSPICIOUS_MOVE = YES;
				CLANG_WARN_UNGUARDED_AVAILABILITY = YES_AGGRESSIVE;
				CLANG_WARN_UNREACHABLE_CODE = YES;
				CLANG_WARN__DUPLICATE_METHOD_MATCH = YES;
				COPY_PHASE_STRIP = NO;
				DEBUG_INFORMATION_FORMAT = "dwarf-with-dsym";
				ENABLE_NS_ASSERTIONS = NO;
				ENABLE_STRICT_OBJC_MSGSEND = YES;
				ENABLE_USER_SCRIPT_SANDBOXING = YES;
				GCC_C_LANGUAGE_STANDARD = gnu17;
				GCC_NO_COMMON_BLOCKS = YES;
				GCC_WARN_64_TO_32_BIT_CONVERSION = YES;
				GCC_WARN_ABOUT_RETURN_TYPE = YES_ERROR;
				GCC_WARN_UNDECLARED_SELECTOR = YES;
				GCC_WARN_UNINITIALIZED_AUTOS = YES_AGGRESSIVE;
				GCC_WARN_UNUSED_FUNCTION = YES;
				GCC_WARN_UNUSED_VARIABLE = YES;
				IPHONEOS_DEPLOYMENT_TARGET = 17.0;
				LOCALIZATION_PREFERS_STRING_CATALOGS = YES;
				MTL_ENABLE_DEBUG_INFO = NO;
				MTL_FAST_MATH = YES;
				SDKROOT = iphoneos;
				SWIFT_COMPILATION_MODE = wholemodule;
				VALIDATE_PRODUCT = YES;
			};
			name = Release;
		};
		034BC07E2BFCFE0600CC971D /* Debug */ = {
			isa = XCBuildConfiguration;
			buildSettings = {
				ASSETCATALOG_COMPILER_APPICON_NAME = AppIcon;
				ASSETCATALOG_COMPILER_GLOBAL_ACCENT_COLOR_NAME = AccentColor;
				CODE_SIGN_STYLE = Automatic;
				CURRENT_PROJECT_VERSION = 1;
				DEVELOPMENT_ASSET_PATHS = "\"MovieApp/Preview Content\"";
				DEVELOPMENT_TEAM = FNU8L59UGA;
				ENABLE_PREVIEWS = YES;
				GENERATE_INFOPLIST_FILE = YES;
				INFOPLIST_FILE = MovieApp/Info.plist;
				INFOPLIST_KEY_UIApplicationSupportsIndirectInputEvents = YES;
				INFOPLIST_KEY_UILaunchStoryboardName = LaunchScreen;
				INFOPLIST_KEY_UISupportedInterfaceOrientations = UIInterfaceOrientationPortrait;
				INFOPLIST_KEY_UISupportedInterfaceOrientations_iPad = "UIInterfaceOrientationLandscapeLeft UIInterfaceOrientationLandscapeRight UIInterfaceOrientationPortrait UIInterfaceOrientationPortraitUpsideDown";
				LD_RUNPATH_SEARCH_PATHS = (
					"$(inherited)",
					"@executable_path/Frameworks",
				);
				MARKETING_VERSION = 1.0;
				PRODUCT_BUNDLE_IDENTIFIER = com.nikola.MovieApp;
				PRODUCT_NAME = "$(TARGET_NAME)";
				SUPPORTED_PLATFORMS = "iphoneos iphonesimulator";
				SUPPORTS_MACCATALYST = NO;
				SUPPORTS_MAC_DESIGNED_FOR_IPHONE_IPAD = NO;
				SWIFT_EMIT_LOC_STRINGS = YES;
				SWIFT_VERSION = 5.0;
				TARGETED_DEVICE_FAMILY = 1;
			};
			name = Debug;
		};
		034BC07F2BFCFE0600CC971D /* Release */ = {
			isa = XCBuildConfiguration;
			buildSettings = {
				ASSETCATALOG_COMPILER_APPICON_NAME = AppIcon;
				ASSETCATALOG_COMPILER_GLOBAL_ACCENT_COLOR_NAME = AccentColor;
				CODE_SIGN_STYLE = Automatic;
				CURRENT_PROJECT_VERSION = 1;
				DEVELOPMENT_ASSET_PATHS = "\"MovieApp/Preview Content\"";
				DEVELOPMENT_TEAM = FNU8L59UGA;
				ENABLE_PREVIEWS = YES;
				GENERATE_INFOPLIST_FILE = YES;
				INFOPLIST_FILE = MovieApp/Info.plist;
				INFOPLIST_KEY_UIApplicationSupportsIndirectInputEvents = YES;
				INFOPLIST_KEY_UILaunchStoryboardName = LaunchScreen;
				INFOPLIST_KEY_UISupportedInterfaceOrientations = UIInterfaceOrientationPortrait;
				INFOPLIST_KEY_UISupportedInterfaceOrientations_iPad = "UIInterfaceOrientationLandscapeLeft UIInterfaceOrientationLandscapeRight UIInterfaceOrientationPortrait UIInterfaceOrientationPortraitUpsideDown";
				LD_RUNPATH_SEARCH_PATHS = (
					"$(inherited)",
					"@executable_path/Frameworks",
				);
				MARKETING_VERSION = 1.0;
				PRODUCT_BUNDLE_IDENTIFIER = com.nikola.MovieApp;
				PRODUCT_NAME = "$(TARGET_NAME)";
				SUPPORTED_PLATFORMS = "iphoneos iphonesimulator";
				SUPPORTS_MACCATALYST = NO;
				SUPPORTS_MAC_DESIGNED_FOR_IPHONE_IPAD = NO;
				SWIFT_EMIT_LOC_STRINGS = YES;
				SWIFT_VERSION = 5.0;
				TARGETED_DEVICE_FAMILY = 1;
			};
			name = Release;
		};
/* End XCBuildConfiguration section */

/* Begin XCConfigurationList section */
		034BC0682BFCFE0500CC971D /* Build configuration list for PBXProject "MovieApp" */ = {
			isa = XCConfigurationList;
			buildConfigurations = (
				034BC07B2BFCFE0600CC971D /* Debug */,
				034BC07C2BFCFE0600CC971D /* Release */,
			);
			defaultConfigurationIsVisible = 0;
			defaultConfigurationName = Release;
		};
		034BC07D2BFCFE0600CC971D /* Build configuration list for PBXNativeTarget "MovieApp" */ = {
			isa = XCConfigurationList;
			buildConfigurations = (
				034BC07E2BFCFE0600CC971D /* Debug */,
				034BC07F2BFCFE0600CC971D /* Release */,
			);
			defaultConfigurationIsVisible = 0;
			defaultConfigurationName = Release;
		};
/* End XCConfigurationList section */

/* Begin XCRemoteSwiftPackageReference section */
		0378D6072C0345FE00D61266 /* XCRemoteSwiftPackageReference "swiftui-cached-async-image" */ = {
			isa = XCRemoteSwiftPackageReference;
			repositoryURL = "https://github.com/lorenzofiamingo/swiftui-cached-async-image";
			requirement = {
				kind = upToNextMajorVersion;
				minimumVersion = 2.1.1;
			};
		};
/* End XCRemoteSwiftPackageReference section */

/* Begin XCSwiftPackageProductDependency section */
		0378D5E52BFF895400D61266 /* Data */ = {
			isa = XCSwiftPackageProductDependency;
			productName = Data;
		};
		0378D5E72BFF895400D61266 /* Domain */ = {
			isa = XCSwiftPackageProductDependency;
			productName = Domain;
		};
		0378D5E92BFF895400D61266 /* Networking */ = {
			isa = XCSwiftPackageProductDependency;
			productName = Networking;
		};
		0378D6082C0345FE00D61266 /* CachedAsyncImage */ = {
			isa = XCSwiftPackageProductDependency;
			package = 0378D6072C0345FE00D61266 /* XCRemoteSwiftPackageReference "swiftui-cached-async-image" */;
			productName = CachedAsyncImage;
		};
/* End XCSwiftPackageProductDependency section */
	};
	rootObject = 034BC0652BFCFE0500CC971D /* Project object */;
}
